
Microsoft Visual Studio Solution File, Format Version 12.00
# Visual Studio Version 17
VisualStudioVersion = 17.5.33502.453
MinimumVisualStudioVersion = 10.0.40219.1
Project("{FAE04EC0-301F-11D3-BF4B-00C04F79EFBC}") = "Task2", "Task2\Task2.csproj", "{C6F65C13-5416-4380-921D-0E73BD0B1C79}"
EndProject
Project("{FAE04EC0-301F-11D3-BF4B-00C04F79EFBC}") = "Task3", "Task3\Task3.csproj", "{77707450-3AD9-4D9D-B8E5-08349D17D439}"
EndProject
Project("{FAE04EC0-301F-11D3-BF4B-00C04F79EFBC}") = "AddTask", "AddTask\AddTask.csproj", "{96DF070D-B7C4-46FB-9EC2-0E313D070F39}"
EndProject
Global
	GlobalSection(SolutionConfigurationPlatforms) = preSolution
		Debug|Any CPU = Debug|Any CPU
		Release|Any CPU = Release|Any CPU
	EndGlobalSection
	GlobalSection(ProjectConfigurationPlatforms) = postSolution
		{C6F65C13-5416-4380-921D-0E73BD0B1C79}.Debug|Any CPU.ActiveCfg = Debug|Any CPU
		{C6F65C13-5416-4380-921D-0E73BD0B1C79}.Debug|Any CPU.Build.0 = Debug|Any CPU
		{C6F65C13-5416-4380-921D-0E73BD0B1C79}.Release|Any CPU.ActiveCfg = Release|Any CPU
		{C6F65C13-5416-4380-921D-0E73BD0B1C79}.Release|Any CPU.Build.0 = Release|Any CPU
		{77707450-3AD9-4D9D-B8E5-08349D17D439}.Debug|Any CPU.ActiveCfg = Debug|Any CPU
		{77707450-3AD9-4D9D-B8E5-08349D17D439}.Debug|Any CPU.Build.0 = Debug|Any CPU
		{77707450-3AD9-4D9D-B8E5-08349D17D439}.Release|Any CPU.ActiveCfg = Release|Any CPU
		{77707450-3AD9-4D9D-B8E5-08349D17D439}.Release|Any CPU.Build.0 = Release|Any CPU
		{96DF070D-B7C4-46FB-9EC2-0E313D070F39}.Debug|Any CPU.ActiveCfg = Debug|Any CPU
		{96DF070D-B7C4-46FB-9EC2-0E313D070F39}.Debug|Any CPU.Build.0 = Debug|Any CPU
		{96DF070D-B7C4-46FB-9EC2-0E313D070F39}.Release|Any CPU.ActiveCfg = Release|Any CPU
		{96DF070D-B7C4-46FB-9EC2-0E313D070F39}.Release|Any CPU.Build.0 = Release|Any CPU
	EndGlobalSection
	GlobalSection(SolutionProperties) = preSolution
		HideSolutionNode = FALSE
	EndGlobalSection
	GlobalSection(ExtensibilityGlobals) = postSolution
		SolutionGuid = {45B16AFA-F071-4400-8D74-99586E661845}
	EndGlobalSection
EndGlobal
